
Microsoft Visual Studio Solution File, Format Version 12.00
# Visual Studio Version 17
VisualStudioVersion = 17.14.36301.6 d17.14
MinimumVisualStudioVersion = 10.0.40219.1
Project("{FAE04EC0-301F-11D3-BF4B-00C04F79EFBC}") = "GuffGaff.WebAPI", "GuffGaff.WebAPI\GuffGaff.WebAPI.csproj", "{8631A89F-90B1-457C-B044-6B5403B78D2A}"
EndProject
Global
	GlobalSection(SolutionConfigurationPlatforms) = preSolution
		Debug|Any CPU = Debug|Any CPU
		Release|Any CPU = Release|Any CPU
	EndGlobalSection
	GlobalSection(ProjectConfigurationPlatforms) = postSolution
		{8631A89F-90B1-457C-B044-6B5403B78D2A}.Debug|Any CPU.ActiveCfg = Debug|Any CPU
		{8631A89F-90B1-457C-B044-6B5403B78D2A}.Debug|Any CPU.Build.0 = Debug|Any CPU
		{8631A89F-90B1-457C-B044-6B5403B78D2A}.Release|Any CPU.ActiveCfg = Release|Any CPU
		{8631A89F-90B1-457C-B044-6B5403B78D2A}.Release|Any CPU.Build.0 = Release|Any CPU
	EndGlobalSection
	GlobalSection(SolutionProperties) = preSolution
		HideSolutionNode = FALSE
	EndGlobalSection
	GlobalSection(ExtensibilityGlobals) = postSolution
		SolutionGuid = {CF146541-7A34-41DB-B5CE-09B8010EDE4C}
	EndGlobalSection
EndGlobal
